{
  "name": "financeflow",
  "lockfileVersion": 3,
  "requires": true,
  "packages": {
    "": {
      "dependencies": {
        "@next/font": "^13.4.9"
      }
    },
    "node_modules/@next/font": {
      "version": "13.4.9",
      "resolved": "https://registry.npmjs.org/@next/font/-/font-13.4.9.tgz",
      "integrity": "sha512-aR0XEyd1cxqaKuelQFDGwUBYV0wyZfJTNiRoSk1XsECTyMhiSMmCOY7yOPMuPlw+6cctca0GyZXGGFb5EVhiRw=="
    }
  }
}
